
Microsoft Visual Studio Solution File, Format Version 12.00
# Visual Studio Version 17
VisualStudioVersion = 17.4.33403.182
MinimumVisualStudioVersion = 10.0.40219.1
Project("{FAE04EC0-301F-11D3-BF4B-00C04F79EFBC}") = "StudentAssignment", "StudentAssignment\StudentAssignment.csproj", "{68379BB5-C81F-44EC-9828-2209943AA061}"
EndProject
Global
	GlobalSection(SolutionConfigurationPlatforms) = preSolution
		Debug|Any CPU = Debug|Any CPU
		Release|Any CPU = Release|Any CPU
	EndGlobalSection
	GlobalSection(ProjectConfigurationPlatforms) = postSolution
		{68379BB5-C81F-44EC-9828-2209943AA061}.Debug|Any CPU.ActiveCfg = Debug|Any CPU
		{68379BB5-C81F-44EC-9828-2209943AA061}.Debug|Any CPU.Build.0 = Debug|Any CPU
		{68379BB5-C81F-44EC-9828-2209943AA061}.Release|Any CPU.ActiveCfg = Release|Any CPU
		{68379BB5-C81F-44EC-9828-2209943AA061}.Release|Any CPU.Build.0 = Release|Any CPU
	EndGlobalSection
	GlobalSection(SolutionProperties) = preSolution
		HideSolutionNode = FALSE
	EndGlobalSection
	GlobalSection(ExtensibilityGlobals) = postSolution
		SolutionGuid = {1C2F27DD-4081-4D72-B148-E3A41A468F9F}
	EndGlobalSection
EndGlobal
